
Microsoft Visual Studio Solution File, Format Version 12.00
# Visual Studio 15
VisualStudioVersion = 15.0.28307.852
MinimumVisualStudioVersion = 10.0.40219.1
Project("{9A19103F-16F7-4668-BE54-9A1E7A4F7556}") = "Epam.ASPCore.Northwind.WebUI", "Epam.ASPCore.Northwind\Epam.ASPCore.Northwind.WebUI.csproj", "{0F0EDC98-5C41-494D-B495-15D03FC0C651}"
EndProject
Project("{9A19103F-16F7-4668-BE54-9A1E7A4F7556}") = "Epam.ASPCore.Northwind.Domain", "Epam.ASPCore.Northwind.Domain\Epam.ASPCore.Northwind.Domain.csproj", "{D058503B-0374-4935-AC4B-7A18180CA4A8}"
EndProject
Project("{9A19103F-16F7-4668-BE54-9A1E7A4F7556}") = "Epam.ASPCore.Northwind.Tests", "Epam.ASPCore.Northwind.Tests\Epam.ASPCore.Northwind.Tests.csproj", "{9BFE06F1-ADDF-4436-B8C5-441F1359F0C9}"
EndProject
Project("{9A19103F-16F7-4668-BE54-9A1E7A4F7556}") = "Microsoft.Identity.Web", "Microsoft.Identity.Web\Microsoft.Identity.Web.csproj", "{AD16E73F-0C5B-4E0D-BB9D-589DF0A22198}"
EndProject
Global
	GlobalSection(SolutionConfigurationPlatforms) = preSolution
		Debug|Any CPU = Debug|Any CPU
		Release|Any CPU = Release|Any CPU
	EndGlobalSection
	GlobalSection(ProjectConfigurationPlatforms) = postSolution
		{0F0EDC98-5C41-494D-B495-15D03FC0C651}.Debug|Any CPU.ActiveCfg = Debug|Any CPU
		{0F0EDC98-5C41-494D-B495-15D03FC0C651}.Debug|Any CPU.Build.0 = Debug|Any CPU
		{0F0EDC98-5C41-494D-B495-15D03FC0C651}.Release|Any CPU.ActiveCfg = Release|Any CPU
		{0F0EDC98-5C41-494D-B495-15D03FC0C651}.Release|Any CPU.Build.0 = Release|Any CPU
		{D058503B-0374-4935-AC4B-7A18180CA4A8}.Debug|Any CPU.ActiveCfg = Debug|Any CPU
		{D058503B-0374-4935-AC4B-7A18180CA4A8}.Debug|Any CPU.Build.0 = Debug|Any CPU
		{D058503B-0374-4935-AC4B-7A18180CA4A8}.Release|Any CPU.ActiveCfg = Release|Any CPU
		{D058503B-0374-4935-AC4B-7A18180CA4A8}.Release|Any CPU.Build.0 = Release|Any CPU
		{9BFE06F1-ADDF-4436-B8C5-441F1359F0C9}.Debug|Any CPU.ActiveCfg = Debug|Any CPU
		{9BFE06F1-ADDF-4436-B8C5-441F1359F0C9}.Debug|Any CPU.Build.0 = Debug|Any CPU
		{9BFE06F1-ADDF-4436-B8C5-441F1359F0C9}.Release|Any CPU.ActiveCfg = Release|Any CPU
		{9BFE06F1-ADDF-4436-B8C5-441F1359F0C9}.Release|Any CPU.Build.0 = Release|Any CPU
		{AD16E73F-0C5B-4E0D-BB9D-589DF0A22198}.Debug|Any CPU.ActiveCfg = Debug|Any CPU
		{AD16E73F-0C5B-4E0D-BB9D-589DF0A22198}.Debug|Any CPU.Build.0 = Debug|Any CPU
		{AD16E73F-0C5B-4E0D-BB9D-589DF0A22198}.Release|Any CPU.ActiveCfg = Release|Any CPU
		{AD16E73F-0C5B-4E0D-BB9D-589DF0A22198}.Release|Any CPU.Build.0 = Release|Any CPU
	EndGlobalSection
	GlobalSection(SolutionProperties) = preSolution
		HideSolutionNode = FALSE
	EndGlobalSection
	GlobalSection(ExtensibilityGlobals) = postSolution
		SolutionGuid = {CF655100-2983-46A3-962B-F6432AB01CEA}
	EndGlobalSection
EndGlobal
